// !$*UTF8*$!
{
	archiveVersion = 1;
	classes = {
	};
	objectVersion = 50;
	objects = {

/* Begin PBXBuildFile section */
		F2D59F0C25332E4C004B1929 /* AppDelegate.swift in Sources */ = {isa = PBXBuildFile; fileRef = F2D59F0B25332E4C004B1929 /* AppDelegate.swift */; };
		F2D59F0E25332E4C004B1929 /* SceneDelegate.swift in Sources */ = {isa = PBXBuildFile; fileRef = F2D59F0D25332E4C004B1929 /* SceneDelegate.swift */; };
		F2D59F1325332E4C004B1929 /* Main.storyboard in Resources */ = {isa = PBXBuildFile; fileRef = F2D59F1125332E4C004B1929 /* Main.storyboard */; };
		F2D59F1525332E55004B1929 /* Assets.xcassets in Resources */ = {isa = PBXBuildFile; fileRef = F2D59F1425332E55004B1929 /* Assets.xcassets */; };
		F2D59F1825332E55004B1929 /* LaunchScreen.storyboard in Resources */ = {isa = PBXBuildFile; fileRef = F2D59F1625332E55004B1929 /* LaunchScreen.storyboard */; };
		F2D59F20253330ED004B1929 /* EmojiTableViewController.swift in Sources */ = {isa = PBXBuildFile; fileRef = F2D59F1F253330ED004B1929 /* EmojiTableViewController.swift */; };
		F2D59F222533377F004B1929 /* EmojiTableViewCell.swift in Sources */ = {isa = PBXBuildFile; fileRef = F2D59F212533377F004B1929 /* EmojiTableViewCell.swift */; };
		F2D59F2425333B49004B1929 /* EmojiModel.swift in Sources */ = {isa = PBXBuildFile; fileRef = F2D59F2325333B49004B1929 /* EmojiModel.swift */; };
		F2D59F2625334E82004B1929 /* NewEmojiTableViewController.swift in Sources */ = {isa = PBXBuildFile; fileRef = F2D59F2525334E82004B1929 /* NewEmojiTableViewController.swift */; };
/* End PBXBuildFile section */

/* Begin PBXFileReference section */
		F2D59F0825332E4C004B1929 /* EmojiReader.app */ = {isa = PBXFileReference; explicitFileType = wrapper.application; includeInIndex = 0; path = EmojiReader.app; sourceTree = BUILT_PRODUCTS_DIR; };
		F2D59F0B25332E4C004B1929 /* AppDelegate.swift */ = {isa = PBXFileReference; lastKnownFileType = sourcecode.swift; path = AppDelegate.swift; sourceTree = "<group>"; };
		F2D59F0D25332E4C004B1929 /* SceneDelegate.swift */ = {isa = PBXFileReference; lastKnownFileType = sourcecode.swift; path = SceneDelegate.swift; sourceTree = "<group>"; };
		F2D59F1225332E4C004B1929 /* Base */ = {isa = PBXFileReference; lastKnownFileType = file.storyboard; name = Base; path = Base.lproj/Main.storyboard; sourceTree = "<group>"; };
		F2D59F1425332E55004B1929 /* Assets.xcassets */ = {isa = PBXFileReference; lastKnownFileType = folder.assetcatalog; path = Assets.xcassets; sourceTree = "<group>"; };
		F2D59F1725332E55004B1929 /* Base */ = {isa = PBXFileReference; lastKnownFileType = file.storyboard; name = Base; path = Base.lproj/LaunchScreen.storyboard; sourceTree = "<group>"; };
		F2D59F1925332E55004B1929 /* Info.plist */ = {isa = PBXFileReference; lastKnownFileType = text.plist.xml; path = Info.plist; sourceTree = "<group>"; };
		F2D59F1F253330ED004B1929 /* EmojiTableViewController.swift */ = {isa = PBXFileReference; lastKnownFileType = sourcecode.swift; path = EmojiTableViewController.swift; sourceTree = "<group>"; };
		F2D59F212533377F004B1929 /* EmojiTableViewCell.swift */ = {isa = PBXFileReference; lastKnownFileType = sourcecode.swift; path = EmojiTableViewCell.swift; sourceTree = "<group>"; };
		F2D59F2325333B49004B1929 /* EmojiModel.swift */ = {isa = PBXFileReference; lastKnownFileType = sourcecode.swift; path = EmojiModel.swift; sourceTree = "<group>"; };
		F2D59F2525334E82004B1929 /* NewEmojiTableViewController.swift */ = {isa = PBXFileReference; lastKnownFileType = sourcecode.swift; path = NewEmojiTableViewController.swift; sourceTree = "<group>"; };
/* End PBXFileReference section */

/* Begin PBXFrameworksBuildPhase section */
		F2D59F0525332E4C004B1929 /* Frameworks */ = {
			isa = PBXFrameworksBuildPhase;
			buildActionMask = 2147483647;
			files = (
			);
			runOnlyForDeploymentPostprocessing = 0;
		};
/* End PBXFrameworksBuildPhase section */

/* Begin PBXGroup section */
		F2D59EFF25332E4C004B1929 = {
			isa = PBXGroup;
			children = (
				F2D59F0A25332E4C004B1929 /* EmojiReader */,
				F2D59F0925332E4C004B1929 /* Products */,
			);
			sourceTree = "<group>";
		};
		F2D59F0925332E4C004B1929 /* Products */ = {
			isa = PBXGroup;
			children = (
				F2D59F0825332E4C004B1929 /* EmojiReader.app */,
			);
			name = Products;
			sourceTree = "<group>";
		};
		F2D59F0A25332E4C004B1929 /* EmojiReader */ = {
			isa = PBXGroup;
			children = (
				F2D59F0B25332E4C004B1929 /* AppDelegate.swift */,
				F2D59F0D25332E4C004B1929 /* SceneDelegate.swift */,
				F2D59F2325333B49004B1929 /* EmojiModel.swift */,
				F2D59F1F253330ED004B1929 /* EmojiTableViewController.swift */,
				F2D59F2525334E82004B1929 /* NewEmojiTableViewController.swift */,
				F2D59F212533377F004B1929 /* EmojiTableViewCell.swift */,
				F2D59F1125332E4C004B1929 /* Main.storyboard */,
				F2D59F1425332E55004B1929 /* Assets.xcassets */,
				F2D59F1625332E55004B1929 /* LaunchScreen.storyboard */,
				F2D59F1925332E55004B1929 /* Info.plist */,
			);
			path = EmojiReader;
			sourceTree = "<group>";
		};
/* End PBXGroup section */

/* Begin PBXNativeTarget section */
		F2D59F0725332E4C004B1929 /* EmojiReader */ = {
			isa = PBXNativeTarget;
			buildConfigurationList = F2D59F1C25332E55004B1929 /* Build configuration list for PBXNativeTarget "EmojiReader" */;
			buildPhases = (
				F2D59F0425332E4C004B1929 /* Sources */,
				F2D59F0525332E4C004B1929 /* Frameworks */,
				F2D59F0625332E4C004B1929 /* Resources */,
			);
			buildRules = (
			);
			dependencies = (
			);
			name = EmojiReader;
			productName = EmojiReader;
			productReference = F2D59F0825332E4C004B1929 /* EmojiReader.app */;
			productType = "com.apple.product-type.application";
		};
/* End PBXNativeTarget section */

/* Begin PBXProject section */
		F2D59F0025332E4C004B1929 /* Project object */ = {
			isa = PBXProject;
			attributes = {
				LastSwiftUpdateCheck = 1160;
				LastUpgradeCheck = 1160;
				ORGANIZATIONNAME = "Leonid Kuznetsov";
				TargetAttributes = {
					F2D59F0725332E4C004B1929 = {
						CreatedOnToolsVersion = 11.6;
					};
				};
			};
			buildConfigurationList = F2D59F0325332E4C004B1929 /* Build configuration list for PBXProject "EmojiReader" */;
			compatibilityVersion = "Xcode 9.3";
			developmentRegion = en;
			hasScannedForEncodings = 0;
			knownRegions = (
				en,
				Base,
			);
			mainGroup = F2D59EFF25332E4C004B1929;
			productRefGroup = F2D59F0925332E4C004B1929 /* Products */;
			projectDirPath = "";
			projectRoot = "";
			targets = (
				F2D59F0725332E4C004B1929 /* EmojiReader */,
			);
		};
/* End PBXProject section */

/* Begin PBXResourcesBuildPhase section */
		F2D59F0625332E4C004B1929 /* Resources */ = {
			isa = PBXResourcesBuildPhase;
			buildActionMask = 2147483647;
			files = (
				F2D59F1825332E55004B1929 /* LaunchScreen.storyboard in Resources */,
				F2D59F1525332E55004B1929 /* Assets.xcassets in Resources */,
				F2D59F1325332E4C004B1929 /* Main.storyboard in Resources */,
			);
			runOnlyForDeploymentPostprocessing = 0;
		};
/* End PBXResourcesBuildPhase section */

/* Begin PBXSourcesBuildPhase section */
		F2D59F0425332E4C004B1929 /* Sources */ = {
			isa = PBXSourcesBuildPhase;
			buildActionMask = 2147483647;
			files = (
				F2D59F20253330ED004B1929 /* EmojiTableViewController.swift in Sources */,
				F2D59F2425333B49004B1929 /* EmojiModel.swift in Sources */,
				F2D59F222533377F004B1929 /* EmojiTableViewCell.swift in Sources */,
				F2D59F2625334E82004B1929 /* NewEmojiTableViewController.swift in Sources */,
				F2D59F0C25332E4C004B1929 /* AppDelegate.swift in Sources */,
				F2D59F0E25332E4C004B1929 /* SceneDelegate.swift in Sources */,
			);
			runOnlyForDeploymentPostprocessing = 0;
		};
/* End PBXSourcesBuildPhase section */

/* Begin PBXVariantGroup section */
		F2D59F1125332E4C004B1929 /* Main.storyboard */ = {
			isa = PBXVariantGroup;
			children = (
				F2D59F1225332E4C004B1929 /* Base */,
			);
			name = Main.storyboard;
			sourceTree = "<group>";
		};
		F2D59F1625332E55004B1929 /* LaunchScreen.storyboard */ = {
			isa = PBXVariantGroup;
			children = (
				F2D59F1725332E55004B1929 /* Base */,
			);
			name = LaunchScreen.storyboard;
			sourceTree = "<group>";
		};
/* End PBXVariantGroup section */

/* Begin XCBuildConfiguration section */
		F2D59F1A25332E55004B1929 /* Debug */ = {
			isa = XCBuildConfiguration;
			buildSettings = {
				ALWAYS_SEARCH_USER_PATHS = NO;
				CLANG_ANALYZER_NONNULL = YES;
				CLANG_ANALYZER_NUMBER_OBJECT_CONVERSION = YES_AGGRESSIVE;
				CLANG_CXX_LANGUAGE_STANDARD = "gnu++14";
				CLANG_CXX_LIBRARY = "libc++";
				CLANG_ENABLE_MODULES = YES;
				CLANG_ENABLE_OBJC_ARC = YES;
				CLANG_ENABLE_OBJC_WEAK = YES;
				CLANG_WARN_BLOCK_CAPTURE_AUTORELEASING = YES;
				CLANG_WARN_BOOL_CONVERSION = YES;
				CLANG_WARN_COMMA = YES;
				CLANG_WARN_CONSTANT_CONVERSION = YES;
				CLANG_WARN_DEPRECATED_OBJC_IMPLEMENTATIONS = YES;
				CLANG_WARN_DIRECT_OBJC_ISA_USAGE = YES_ERROR;
				CLANG_WARN_DOCUMENTATION_COMMENTS = YES;
				CLANG_WARN_EMPTY_BODY = YES;
				CLANG_WARN_ENUM_CONVERSION = YES;
				CLANG_WARN_INFINITE_RECURSION = YES;
				CLANG_WARN_INT_CONVERSION = YES;
				CLANG_WARN_NON_LITERAL_NULL_CONVERSION = YES;
				CLANG_WARN_OBJC_IMPLICIT_RETAIN_SELF = YES;
				CLANG_WARN_OBJC_LITERAL_CONVERSION = YES;
				CLANG_WARN_OBJC_ROOT_CLASS = YES_ERROR;
				CLANG_WARN_RANGE_LOOP_ANALYSIS = YES;
				CLANG_WARN_STRICT_PROTOTYPES = YES;
				CLANG_WARN_SUSPICIOUS_MOVE = YES;
				CLANG_WARN_UNGUARDED_AVAILABILITY = YES_AGGRESSIVE;
				CLANG_WARN_UNREACHABLE_CODE = YES;
				CLANG_WARN__DUPLICATE_METHOD_MATCH = YES;
				COPY_PHASE_STRIP = NO;
				DEBUG_INFORMATION_FORMAT = dwarf;
				ENABLE_STRICT_OBJC_MSGSEND = YES;
				ENABLE_TESTABILITY = YES;
				GCC_C_LANGUAGE_STANDARD = gnu11;
				GCC_DYNAMIC_NO_PIC = NO;
				GCC_NO_COMMON_BLOCKS = YES;
				GCC_OPTIMIZATION_LEVEL = 0;
				GCC_PREPROCESSOR_DEFINITIONS = (
					"DEBUG=1",
					"$(inherited)",
				);
				GCC_WARN_64_TO_32_BIT_CONVERSION = YES;
				GCC_WARN_ABOUT_RETURN_TYPE = YES_ERROR;
				GCC_WARN_UNDECLARED_SELECTOR = YES;
				GCC_WARN_UNINITIALIZED_AUTOS = YES_AGGRESSIVE;
				GCC_WARN_UNUSED_FUNCTION = YES;
				GCC_WARN_UNUSED_VARIABLE = YES;
				IPHONEOS_DEPLOYMENT_TARGET = 13.6;
				MTL_ENABLE_DEBUG_INFO = INCLUDE_SOURCE;
				MTL_FAST_MATH = YES;
				ONLY_ACTIVE_ARCH = YES;
				SDKROOT = iphoneos;
				SWIFT_ACTIVE_COMPILATION_CONDITIONS = DEBUG;
				SWIFT_OPTIMIZATION_LEVEL = "-Onone";
			};
			name = Debug;
		};
		F2D59F1B25332E55004B1929 /* Release */ = {
			isa = XCBuildConfiguration;
			buildSettings = {
				ALWAYS_SEARCH_USER_PATHS = NO;
				CLANG_ANALYZER_NONNULL = YES;
				CLANG_ANALYZER_NUMBER_OBJECT_CONVERSION = YES_AGGRESSIVE;
				CLANG_CXX_LANGUAGE_STANDARD = "gnu++14";
				CLANG_CXX_LIBRARY = "libc++";
				CLANG_ENABLE_MODULES = YES;
				CLANG_ENABLE_OBJC_ARC = YES;
				CLANG_ENABLE_OBJC_WEAK = YES;
				CLANG_WARN_BLOCK_CAPTURE_AUTORELEASING = YES;
				CLANG_WARN_BOOL_CONVERSION = YES;
				CLANG_WARN_COMMA = YES;
				CLANG_WARN_CONSTANT_CONVERSION = YES;
				CLANG_WARN_DEPRECATED_OBJC_IMPLEMENTATIONS = YES;
				CLANG_WARN_DIRECT_OBJC_ISA_USAGE = YES_ERROR;
				CLANG_WARN_DOCUMENTATION_COMMENTS = YES;
				CLANG_WARN_EMPTY_BODY = YES;
				CLANG_WARN_ENUM_CONVERSION = YES;
				CLANG_WARN_INFINITE_RECURSION = YES;
				CLANG_WARN_INT_CONVERSION = YES;
				CLANG_WARN_NON_LITERAL_NULL_CONVERSION = YES;
				CLANG_WARN_OBJC_IMPLICIT_RETAIN_SELF = YES;
				CLANG_WARN_OBJC_LITERAL_CONVERSION = YES;
				CLANG_WARN_OBJC_ROOT_CLASS = YES_ERROR;
				CLANG_WARN_RANGE_LOOP_ANALYSIS = YES;
				CLANG_WARN_STRICT_PROTOTYPES = YES;
				CLANG_WARN_SUSPICIOUS_MOVE = YES;
				CLANG_WARN_UNGUARDED_AVAILABILITY = YES_AGGRESSIVE;
				CLANG_WARN_UNREACHABLE_CODE = YES;
				CLANG_WARN__DUPLICATE_METHOD_MATCH = YES;
				COPY_PHASE_STRIP = NO;
				DEBUG_INFORMATION_FORMAT = "dwarf-with-dsym";
				ENABLE_NS_ASSERTIONS = NO;
				ENABLE_STRICT_OBJC_MSGSEND = YES;
				GCC_C_LANGUAGE_STANDARD = gnu11;
				GCC_NO_COMMON_BLOCKS = YES;
				GCC_WARN_64_TO_32_BIT_CONVERSION = YES;
				GCC_WARN_ABOUT_RETURN_TYPE = YES_ERROR;
				GCC_WARN_UNDECLARED_SELECTOR = YES;
				GCC_WARN_UNINITIALIZED_AUTOS = YES_AGGRESSIVE;
				GCC_WARN_UNUSED_FUNCTION = YES;
				GCC_WARN_UNUSED_VARIABLE = YES;
				IPHONEOS_DEPLOYMENT_TARGET = 13.6;
				MTL_ENABLE_DEBUG_INFO = NO;
				MTL_FAST_MATH = YES;
				SDKROOT = iphoneos;
				SWIFT_COMPILATION_MODE = wholemodule;
				SWIFT_OPTIMIZATION_LEVEL = "-O";
				VALIDATE_PRODUCT = YES;
			};
			name = Release;
		};
		F2D59F1D25332E55004B1929 /* Debug */ = {
			isa = XCBuildConfiguration;
			buildSettings = {
				ASSETCATALOG_COMPILER_APPICON_NAME = AppIcon;
				CODE_SIGN_STYLE = Automatic;
				DEVELOPMENT_TEAM = W8TGMVMJ59;
				INFOPLIST_FILE = EmojiReader/Info.plist;
				LD_RUNPATH_SEARCH_PATHS = (
					"$(inherited)",
					"@executable_path/Frameworks",
				);
				PRODUCT_BUNDLE_IDENTIFIER = com.leonidkuznetsov.EmojiReader;
				PRODUCT_NAME = "$(TARGET_NAME)";
				SWIFT_VERSION = 5.0;
				TARGETED_DEVICE_FAMILY = "1,2";
			};
			name = Debug;
		};
		F2D59F1E25332E55004B1929 /* Release */ = {
			isa = XCBuildConfiguration;
			buildSettings = {
				ASSETCATALOG_COMPILER_APPICON_NAME = AppIcon;
				CODE_SIGN_STYLE = Automatic;
				DEVELOPMENT_TEAM = W8TGMVMJ59;
				INFOPLIST_FILE = EmojiReader/Info.plist;
				LD_RUNPATH_SEARCH_PATHS = (
					"$(inherited)",
					"@executable_path/Frameworks",
				);
				PRODUCT_BUNDLE_IDENTIFIER = com.leonidkuznetsov.EmojiReader;
				PRODUCT_NAME = "$(TARGET_NAME)";
				SWIFT_VERSION = 5.0;
				TARGETED_DEVICE_FAMILY = "1,2";
			};
			name = Release;
		};
/* End XCBuildConfiguration section */

/* Begin XCConfigurationList section */
		F2D59F0325332E4C004B1929 /* Build configuration list for PBXProject "EmojiReader" */ = {
			isa = XCConfigurationList;
			buildConfigurations = (
				F2D59F1A25332E55004B1929 /* Debug */,
				F2D59F1B25332E55004B1929 /* Release */,
			);
			defaultConfigurationIsVisible = 0;
			defaultConfigurationName = Release;
		};
		F2D59F1C25332E55004B1929 /* Build configuration list for PBXNativeTarget "EmojiReader" */ = {
			isa = XCConfigurationList;
			buildConfigurations = (
				F2D59F1D25332E55004B1929 /* Debug */,
				F2D59F1E25332E55004B1929 /* Release */,
			);
			defaultConfigurationIsVisible = 0;
			defaultConfigurationName = Release;
		};
/* End XCConfigurationList section */
	};
	rootObject = F2D59F0025332E4C004B1929 /* Project object */;
}
